{
	"name": "@crypujs/wallet",
	"version": "1.0.0",
	"lockfileVersion": 1,
	"requires": true,
	"dependencies": {
		"@ethersproject/bytes": {
			"version": "5.0.3",
			"resolved": "https://registry.npmjs.org/@ethersproject/bytes/-/bytes-5.0.3.tgz",
			"integrity": "sha512-AyPMAlY+Amaw4Zfp8OAivm1xYPI8mqiUYmEnSUk1CnS2NrQGHEMmFJFiOJdS3gDDpgSOFhWIjZwxKq2VZpqNTA==",
			"requires": {
				"@ethersproject/logger": "^5.0.0"
			}
		},
		"@ethersproject/keccak256": {
			"version": "5.0.2",
			"resolved": "https://registry.npmjs.org/@ethersproject/keccak256/-/keccak256-5.0.2.tgz",
			"integrity": "sha512-MbroXutc0gPNYIrUjS4Aw0lDuXabdzI7+l7elRWr1G6G+W0v00e/3gbikWkCReGtt2Jnt4lQSgnflhDwQGcIhA==",
			"requires": {
				"@ethersproject/bytes": "^5.0.0",
				"js-sha3": "0.5.7"
			}
		},
		"@ethersproject/logger": {
			"version": "5.0.4",
			"resolved": "https://registry.npmjs.org/@ethersproject/logger/-/logger-5.0.4.tgz",
			"integrity": "sha512-alA2LiAy1LdQ/L1SA9ajUC7MvGAEQLsICEfKK4erX5qhkXE1LwLSPIzobtOWFsMHf2yrXGKBLnnpuVHprI3sAw=="
		},
		"js-sha3": {
			"version": "0.5.7",
			"resolved": "https://registry.npmjs.org/js-sha3/-/js-sha3-0.5.7.tgz",
			"integrity": "sha1-DU/9gALVMzqrr0oj7tL2N0yfKOc="
		}
	}
}
