{
	"name": "@crypujs/abstract-signer",
	"version": "1.0.0",
	"lockfileVersion": 1,
	"requires": true,
	"dependencies": {
		"@ethersproject/bignumber": {
			"version": "5.0.5",
			"resolved": "https://registry.npmjs.org/@ethersproject/bignumber/-/bignumber-5.0.5.tgz",
			"integrity": "sha512-24ln7PV0g8ZzjcVZiLW9Wod0i+XCmK6zKkAaxw5enraTIT1p7gVOcSXFSzNQ9WYAwtiFQPvvA+TIO2oEITZNJA==",
			"requires": {
				"@ethersproject/bytes": "^5.0.0",
				"@ethersproject/logger": "^5.0.0",
				"bn.js": "^4.4.0"
			}
		},
		"@ethersproject/bytes": {
			"version": "5.0.3",
			"resolved": "https://registry.npmjs.org/@ethersproject/bytes/-/bytes-5.0.3.tgz",
			"integrity": "sha512-AyPMAlY+Amaw4Zfp8OAivm1xYPI8mqiUYmEnSUk1CnS2NrQGHEMmFJFiOJdS3gDDpgSOFhWIjZwxKq2VZpqNTA==",
			"requires": {
				"@ethersproject/logger": "^5.0.0"
			}
		},
		"@ethersproject/logger": {
			"version": "5.0.4",
			"resolved": "https://registry.npmjs.org/@ethersproject/logger/-/logger-5.0.4.tgz",
			"integrity": "sha512-alA2LiAy1LdQ/L1SA9ajUC7MvGAEQLsICEfKK4erX5qhkXE1LwLSPIzobtOWFsMHf2yrXGKBLnnpuVHprI3sAw=="
		},
		"@ethersproject/properties": {
			"version": "5.0.2",
			"resolved": "https://registry.npmjs.org/@ethersproject/properties/-/properties-5.0.2.tgz",
			"integrity": "sha512-FxAisPGAOACQjMJzewl9OJG6lsGCPTm5vpUMtfeoxzAlAb2lv+kHzQPUh9h4jfAILzE8AR1jgXMzRmlhwyra1Q==",
			"requires": {
				"@ethersproject/logger": "^5.0.0"
			}
		},
		"@ethersproject/random": {
			"version": "5.0.2",
			"resolved": "https://registry.npmjs.org/@ethersproject/random/-/random-5.0.2.tgz",
			"integrity": "sha512-kLeS+6bwz37WR2zbe69gudyoGVoUzljQO0LhifnATsZ7rW0JZ9Zgt0h5aXY7tqFDo9TvdqeCwUFdp1t3T5Fkhg==",
			"requires": {
				"@ethersproject/bytes": "^5.0.0",
				"@ethersproject/logger": "^5.0.0"
			}
		},
		"bn.js": {
			"version": "4.11.9",
			"resolved": "https://registry.npmjs.org/bn.js/-/bn.js-4.11.9.tgz",
			"integrity": "sha512-E6QoYqCKZfgatHTdHzs1RRKP7ip4vvm+EyRUeE2RF0NblwVvb0p6jSVeNTOFxPn26QXN2o6SMfNxKp6kU8zQaw=="
		}
	}
}
