{
	"name": "@crypujs/abi",
	"version": "1.0.0",
	"lockfileVersion": 1,
	"requires": true,
	"dependencies": {
		"@ethersproject/abi": {
			"version": "5.0.2",
			"resolved": "https://registry.npmjs.org/@ethersproject/abi/-/abi-5.0.2.tgz",
			"integrity": "sha512-Z+5f7xOgtRLu/W2l9Ry5xF7ehh9QVQ0m1vhynmTcS7DMfHgqTd1/PDFC62aw91ZPRCRZsYdZJu8ymokC5e1JSw==",
			"requires": {
				"@ethersproject/address": "^5.0.0",
				"@ethersproject/bignumber": "^5.0.0",
				"@ethersproject/bytes": "^5.0.0",
				"@ethersproject/constants": "^5.0.0",
				"@ethersproject/hash": "^5.0.0",
				"@ethersproject/keccak256": "^5.0.0",
				"@ethersproject/logger": "^5.0.0",
				"@ethersproject/properties": "^5.0.0",
				"@ethersproject/strings": "^5.0.0"
			}
		},
		"@ethersproject/address": {
			"version": "5.0.2",
			"resolved": "https://registry.npmjs.org/@ethersproject/address/-/address-5.0.2.tgz",
			"integrity": "sha512-+rz26RKj7ujGfQynys4V9VJRbR+wpC6eL8F22q3raWMH3152Ha31GwJPWzxE/bEA+43M/zTNVwY0R53gn53L2Q==",
			"requires": {
				"@ethersproject/bignumber": "^5.0.0",
				"@ethersproject/bytes": "^5.0.0",
				"@ethersproject/keccak256": "^5.0.0",
				"@ethersproject/logger": "^5.0.0",
				"@ethersproject/rlp": "^5.0.0",
				"bn.js": "^4.4.0"
			}
		},
		"@ethersproject/bignumber": {
			"version": "5.0.5",
			"resolved": "https://registry.npmjs.org/@ethersproject/bignumber/-/bignumber-5.0.5.tgz",
			"integrity": "sha512-24ln7PV0g8ZzjcVZiLW9Wod0i+XCmK6zKkAaxw5enraTIT1p7gVOcSXFSzNQ9WYAwtiFQPvvA+TIO2oEITZNJA==",
			"requires": {
				"@ethersproject/bytes": "^5.0.0",
				"@ethersproject/logger": "^5.0.0",
				"bn.js": "^4.4.0"
			}
		},
		"@ethersproject/bytes": {
			"version": "5.0.3",
			"resolved": "https://registry.npmjs.org/@ethersproject/bytes/-/bytes-5.0.3.tgz",
			"integrity": "sha512-AyPMAlY+Amaw4Zfp8OAivm1xYPI8mqiUYmEnSUk1CnS2NrQGHEMmFJFiOJdS3gDDpgSOFhWIjZwxKq2VZpqNTA==",
			"requires": {
				"@ethersproject/logger": "^5.0.0"
			}
		},
		"@ethersproject/constants": {
			"version": "5.0.2",
			"resolved": "https://registry.npmjs.org/@ethersproject/constants/-/constants-5.0.2.tgz",
			"integrity": "sha512-nNoVlNP6bgpog7pQ2EyD1xjlaXcy1Cl4kK5v1KoskHj58EtB6TK8M8AFGi3GgHTdMldfT4eN3OsoQ/CdOTVNFA==",
			"requires": {
				"@ethersproject/bignumber": "^5.0.0"
			}
		},
		"@ethersproject/hash": {
			"version": "5.0.2",
			"resolved": "https://registry.npmjs.org/@ethersproject/hash/-/hash-5.0.2.tgz",
			"integrity": "sha512-dWGvNwmVRX2bxoQQ3ciMw46Vzl1nqfL+5R8+2ZxsRXD3Cjgw1dL2mdjJF7xMMWPvPdrlhKXWSK0gb8VLwHZ8Cw==",
			"requires": {
				"@ethersproject/bytes": "^5.0.0",
				"@ethersproject/keccak256": "^5.0.0",
				"@ethersproject/logger": "^5.0.0",
				"@ethersproject/strings": "^5.0.0"
			}
		},
		"@ethersproject/keccak256": {
			"version": "5.0.2",
			"resolved": "https://registry.npmjs.org/@ethersproject/keccak256/-/keccak256-5.0.2.tgz",
			"integrity": "sha512-MbroXutc0gPNYIrUjS4Aw0lDuXabdzI7+l7elRWr1G6G+W0v00e/3gbikWkCReGtt2Jnt4lQSgnflhDwQGcIhA==",
			"requires": {
				"@ethersproject/bytes": "^5.0.0",
				"js-sha3": "0.5.7"
			}
		},
		"@ethersproject/logger": {
			"version": "5.0.4",
			"resolved": "https://registry.npmjs.org/@ethersproject/logger/-/logger-5.0.4.tgz",
			"integrity": "sha512-alA2LiAy1LdQ/L1SA9ajUC7MvGAEQLsICEfKK4erX5qhkXE1LwLSPIzobtOWFsMHf2yrXGKBLnnpuVHprI3sAw=="
		},
		"@ethersproject/properties": {
			"version": "5.0.2",
			"resolved": "https://registry.npmjs.org/@ethersproject/properties/-/properties-5.0.2.tgz",
			"integrity": "sha512-FxAisPGAOACQjMJzewl9OJG6lsGCPTm5vpUMtfeoxzAlAb2lv+kHzQPUh9h4jfAILzE8AR1jgXMzRmlhwyra1Q==",
			"requires": {
				"@ethersproject/logger": "^5.0.0"
			}
		},
		"@ethersproject/rlp": {
			"version": "5.0.2",
			"resolved": "https://registry.npmjs.org/@ethersproject/rlp/-/rlp-5.0.2.tgz",
			"integrity": "sha512-oE0M5jqQ67fi2SuMcrpoewOpEuoXaD8M9JeR9md1bXRMvDYgKXUtDHs22oevpEOdnO2DPIRabp6MVHa4aDuWmw==",
			"requires": {
				"@ethersproject/bytes": "^5.0.0",
				"@ethersproject/logger": "^5.0.0"
			}
		},
		"@ethersproject/strings": {
			"version": "5.0.2",
			"resolved": "https://registry.npmjs.org/@ethersproject/strings/-/strings-5.0.2.tgz",
			"integrity": "sha512-oNa+xvSqsFU96ndzog0IBTtsRFGOqGpzrXJ7shXLBT7juVeSEyZA/sYs0DMZB5mJ9FEjHdZKxR/rTyBY91vuXg==",
			"requires": {
				"@ethersproject/bytes": "^5.0.0",
				"@ethersproject/constants": "^5.0.0",
				"@ethersproject/logger": "^5.0.0"
			}
		},
		"bn.js": {
			"version": "4.11.9",
			"resolved": "https://registry.npmjs.org/bn.js/-/bn.js-4.11.9.tgz",
			"integrity": "sha512-E6QoYqCKZfgatHTdHzs1RRKP7ip4vvm+EyRUeE2RF0NblwVvb0p6jSVeNTOFxPn26QXN2o6SMfNxKp6kU8zQaw=="
		},
		"js-sha3": {
			"version": "0.5.7",
			"resolved": "https://registry.npmjs.org/js-sha3/-/js-sha3-0.5.7.tgz",
			"integrity": "sha1-DU/9gALVMzqrr0oj7tL2N0yfKOc="
		}
	}
}
